// !$*UTF8*$!
{
	archiveVersion = 1;
	classes = {
	};
	objectVersion = 56;
	objects = {

/* Begin PBXBuildFile section */
		C4122BCA2A1BC5E200B599D0 /* Int + Extension.swift in Sources */ = {isa = PBXBuildFile; fileRef = C4122BC92A1BC5E200B599D0 /* Int + Extension.swift */; };
		C4122BCD2A1BC7AB00B599D0 /* SliderTypes.swift in Sources */ = {isa = PBXBuildFile; fileRef = C4122BCC2A1BC7AB00B599D0 /* SliderTypes.swift */; };
		C4122BD02A1D1F3A00B599D0 /* Realm in Frameworks */ = {isa = PBXBuildFile; productRef = C4122BCF2A1D1F3A00B599D0 /* Realm */; };
		C4122BD22A1D1F3A00B599D0 /* RealmSwift in Frameworks */ = {isa = PBXBuildFile; productRef = C4122BD12A1D1F3A00B599D0 /* RealmSwift */; };
		C4122BD52A1D20C200B599D0 /* WorkoutModel.swift in Sources */ = {isa = PBXBuildFile; fileRef = C4122BD42A1D20C200B599D0 /* WorkoutModel.swift */; };
		C4122BD72A1D309C00B599D0 /* Date + Extension.swift in Sources */ = {isa = PBXBuildFile; fileRef = C4122BD62A1D309C00B599D0 /* Date + Extension.swift */; };
		C4122BDA2A1D349000B599D0 /* RealmManager.swift in Sources */ = {isa = PBXBuildFile; fileRef = C4122BD92A1D349000B599D0 /* RealmManager.swift */; };
		C44907A92A12AD3F00489A80 /* SliderView.swift in Sources */ = {isa = PBXBuildFile; fileRef = C44907A82A12AD3F00489A80 /* SliderView.swift */; };
		C49AD85E29EA9AE400EE3007 /* MainTableView.swift in Sources */ = {isa = PBXBuildFile; fileRef = C49AD85D29EA9AE400EE3007 /* MainTableView.swift */; };
		C49AD86029EAB40700EE3007 /* UIStackView + Extension.swift in Sources */ = {isa = PBXBuildFile; fileRef = C49AD85F29EAB40700EE3007 /* UIStackView + Extension.swift */; };
		C49AD86229EAB5BC00EE3007 /* WorkoutTableViewCell.swift in Sources */ = {isa = PBXBuildFile; fileRef = C49AD86129EAB5BC00EE3007 /* WorkoutTableViewCell.swift */; };
		C49AD86729EC5E8100EE3007 /* StatisticViewController.swift in Sources */ = {isa = PBXBuildFile; fileRef = C49AD86629EC5E8100EE3007 /* StatisticViewController.swift */; };
		C49AD86929ED049900EE3007 /* StatisticTableView.swift in Sources */ = {isa = PBXBuildFile; fileRef = C49AD86829ED049900EE3007 /* StatisticTableView.swift */; };
		C49AD86C29ED074300EE3007 /* StatisticTableViewCell.swift in Sources */ = {isa = PBXBuildFile; fileRef = C49AD86B29ED074300EE3007 /* StatisticTableViewCell.swift */; };
		C49AD86F2A00BDA200EE3007 /* MainTabBarController.swift in Sources */ = {isa = PBXBuildFile; fileRef = C49AD86E2A00BDA200EE3007 /* MainTabBarController.swift */; };
		C49AD8742A00C35B00EE3007 /* NewWorkoutViewController.swift in Sources */ = {isa = PBXBuildFile; fileRef = C49AD8732A00C35B00EE3007 /* NewWorkoutViewController.swift */; };
		C49AD8762A10A15A00EE3007 /* NameView.swift in Sources */ = {isa = PBXBuildFile; fileRef = C49AD8752A10A15A00EE3007 /* NameView.swift */; };
		C49AD8782A10AC4800EE3007 /* DateAndRepeatView.swift in Sources */ = {isa = PBXBuildFile; fileRef = C49AD8772A10AC4800EE3007 /* DateAndRepeatView.swift */; };
		C49AD87A2A10AD9300EE3007 /* RepsOrTimerView.swift in Sources */ = {isa = PBXBuildFile; fileRef = C49AD8792A10AD9300EE3007 /* RepsOrTimerView.swift */; };
		C49AD87D2A11670000EE3007 /* CloseButton.swift in Sources */ = {isa = PBXBuildFile; fileRef = C49AD87C2A11670000EE3007 /* CloseButton.swift */; };
		C49AD87F2A11681A00EE3007 /* GreenButton.swift in Sources */ = {isa = PBXBuildFile; fileRef = C49AD87E2A11681A00EE3007 /* GreenButton.swift */; };
		C49AD8812A1169BC00EE3007 /* BrownTextField.swift in Sources */ = {isa = PBXBuildFile; fileRef = C49AD8802A1169BC00EE3007 /* BrownTextField.swift */; };
		C49AD8832A116AB000EE3007 /* GreenSlider.swift in Sources */ = {isa = PBXBuildFile; fileRef = C49AD8822A116AB000EE3007 /* GreenSlider.swift */; };
		C4C0B78829E711FF00EBF94E /* CalendarCollectionViewCell.swift in Sources */ = {isa = PBXBuildFile; fileRef = C4C0B78729E711FF00EBF94E /* CalendarCollectionViewCell.swift */; };
		C4C0B78A29EA924600EBF94E /* UILabel + Extension.swift in Sources */ = {isa = PBXBuildFile; fileRef = C4C0B78929EA924600EBF94E /* UILabel + Extension.swift */; };
		C4C0BD1129C0D94100D4829A /* AppDelegate.swift in Sources */ = {isa = PBXBuildFile; fileRef = C4C0BD1029C0D94100D4829A /* AppDelegate.swift */; };
		C4C0BD1329C0D94100D4829A /* SceneDelegate.swift in Sources */ = {isa = PBXBuildFile; fileRef = C4C0BD1229C0D94100D4829A /* SceneDelegate.swift */; };
		C4C0BD1529C0D94100D4829A /* MainViewController.swift in Sources */ = {isa = PBXBuildFile; fileRef = C4C0BD1429C0D94100D4829A /* MainViewController.swift */; };
		C4C0BD1A29C0D94200D4829A /* Assets.xcassets in Resources */ = {isa = PBXBuildFile; fileRef = C4C0BD1929C0D94200D4829A /* Assets.xcassets */; };
		C4C0BD1D29C0D94200D4829A /* LaunchScreen.storyboard in Resources */ = {isa = PBXBuildFile; fileRef = C4C0BD1B29C0D94200D4829A /* LaunchScreen.storyboard */; };
		C4C0BD2C29C2116C00D4829A /* CalendarView.swift in Sources */ = {isa = PBXBuildFile; fileRef = C4C0BD2B29C2116C00D4829A /* CalendarView.swift */; };
		C4C0BD2E29C2358B00D4829A /* WeatherView.swift in Sources */ = {isa = PBXBuildFile; fileRef = C4C0BD2D29C2358B00D4829A /* WeatherView.swift */; };
		C4C0BD3629CB692E00D4829A /* UIView + Extension.swift in Sources */ = {isa = PBXBuildFile; fileRef = C4C0BD3529CB692E00D4829A /* UIView + Extension.swift */; };
		C4C0BD3A29CB6B6100D4829A /* Roboto-Bold.ttf in Resources */ = {isa = PBXBuildFile; fileRef = C4C0BD3829CB6B6100D4829A /* Roboto-Bold.ttf */; };
		C4C0BD3B29CB6B6100D4829A /* Roboto-Medium.ttf in Resources */ = {isa = PBXBuildFile; fileRef = C4C0BD3929CB6B6100D4829A /* Roboto-Medium.ttf */; };
		C4C0BD3E29CB6EDE00D4829A /* UIColor + Extension.swift in Sources */ = {isa = PBXBuildFile; fileRef = C4C0BD3C29CB6EDE00D4829A /* UIColor + Extension.swift */; };
		C4C0BD3F29CB6EDE00D4829A /* UIFont + Extension.swift in Sources */ = {isa = PBXBuildFile; fileRef = C4C0BD3D29CB6EDE00D4829A /* UIFont + Extension.swift */; };
		C4C0BD4129CB73CC00D4829A /* CalendarCollectionView.swift in Sources */ = {isa = PBXBuildFile; fileRef = C4C0BD4029CB73CC00D4829A /* CalendarCollectionView.swift */; };
/* End PBXBuildFile section */

/* Begin PBXFileReference section */
		C4122BC92A1BC5E200B599D0 /* Int + Extension.swift */ = {isa = PBXFileReference; lastKnownFileType = sourcecode.swift; path = "Int + Extension.swift"; sourceTree = "<group>"; };
		C4122BCC2A1BC7AB00B599D0 /* SliderTypes.swift */ = {isa = PBXFileReference; lastKnownFileType = sourcecode.swift; path = SliderTypes.swift; sourceTree = "<group>"; };
		C4122BD42A1D20C200B599D0 /* WorkoutModel.swift */ = {isa = PBXFileReference; lastKnownFileType = sourcecode.swift; path = WorkoutModel.swift; sourceTree = "<group>"; };
		C4122BD62A1D309C00B599D0 /* Date + Extension.swift */ = {isa = PBXFileReference; lastKnownFileType = sourcecode.swift; path = "Date + Extension.swift"; sourceTree = "<group>"; };
		C4122BD92A1D349000B599D0 /* RealmManager.swift */ = {isa = PBXFileReference; lastKnownFileType = sourcecode.swift; path = RealmManager.swift; sourceTree = "<group>"; };
		C44907A82A12AD3F00489A80 /* SliderView.swift */ = {isa = PBXFileReference; lastKnownFileType = sourcecode.swift; path = SliderView.swift; sourceTree = "<group>"; };
		C49AD85D29EA9AE400EE3007 /* MainTableView.swift */ = {isa = PBXFileReference; lastKnownFileType = sourcecode.swift; path = MainTableView.swift; sourceTree = "<group>"; };
		C49AD85F29EAB40700EE3007 /* UIStackView + Extension.swift */ = {isa = PBXFileReference; lastKnownFileType = sourcecode.swift; path = "UIStackView + Extension.swift"; sourceTree = "<group>"; };
		C49AD86129EAB5BC00EE3007 /* WorkoutTableViewCell.swift */ = {isa = PBXFileReference; lastKnownFileType = sourcecode.swift; path = WorkoutTableViewCell.swift; sourceTree = "<group>"; };
		C49AD86629EC5E8100EE3007 /* StatisticViewController.swift */ = {isa = PBXFileReference; lastKnownFileType = sourcecode.swift; path = StatisticViewController.swift; sourceTree = "<group>"; };
		C49AD86829ED049900EE3007 /* StatisticTableView.swift */ = {isa = PBXFileReference; lastKnownFileType = sourcecode.swift; path = StatisticTableView.swift; sourceTree = "<group>"; };
		C49AD86B29ED074300EE3007 /* StatisticTableViewCell.swift */ = {isa = PBXFileReference; lastKnownFileType = sourcecode.swift; path = StatisticTableViewCell.swift; sourceTree = "<group>"; };
		C49AD86E2A00BDA200EE3007 /* MainTabBarController.swift */ = {isa = PBXFileReference; lastKnownFileType = sourcecode.swift; path = MainTabBarController.swift; sourceTree = "<group>"; };
		C49AD8732A00C35B00EE3007 /* NewWorkoutViewController.swift */ = {isa = PBXFileReference; lastKnownFileType = sourcecode.swift; path = NewWorkoutViewController.swift; sourceTree = "<group>"; };
		C49AD8752A10A15A00EE3007 /* NameView.swift */ = {isa = PBXFileReference; lastKnownFileType = sourcecode.swift; path = NameView.swift; sourceTree = "<group>"; };
		C49AD8772A10AC4800EE3007 /* DateAndRepeatView.swift */ = {isa = PBXFileReference; lastKnownFileType = sourcecode.swift; path = DateAndRepeatView.swift; sourceTree = "<group>"; };
		C49AD8792A10AD9300EE3007 /* RepsOrTimerView.swift */ = {isa = PBXFileReference; lastKnownFileType = sourcecode.swift; path = RepsOrTimerView.swift; sourceTree = "<group>"; };
		C49AD87C2A11670000EE3007 /* CloseButton.swift */ = {isa = PBXFileReference; lastKnownFileType = sourcecode.swift; path = CloseButton.swift; sourceTree = "<group>"; };
		C49AD87E2A11681A00EE3007 /* GreenButton.swift */ = {isa = PBXFileReference; lastKnownFileType = sourcecode.swift; path = GreenButton.swift; sourceTree = "<group>"; };
		C49AD8802A1169BC00EE3007 /* BrownTextField.swift */ = {isa = PBXFileReference; lastKnownFileType = sourcecode.swift; path = BrownTextField.swift; sourceTree = "<group>"; };
		C49AD8822A116AB000EE3007 /* GreenSlider.swift */ = {isa = PBXFileReference; lastKnownFileType = sourcecode.swift; path = GreenSlider.swift; sourceTree = "<group>"; };
		C4C0B78729E711FF00EBF94E /* CalendarCollectionViewCell.swift */ = {isa = PBXFileReference; lastKnownFileType = sourcecode.swift; path = CalendarCollectionViewCell.swift; sourceTree = "<group>"; };
		C4C0B78929EA924600EBF94E /* UILabel + Extension.swift */ = {isa = PBXFileReference; lastKnownFileType = sourcecode.swift; path = "UILabel + Extension.swift"; sourceTree = "<group>"; };
		C4C0BD0D29C0D94100D4829A /* WorkoutApp.app */ = {isa = PBXFileReference; explicitFileType = wrapper.application; includeInIndex = 0; path = WorkoutApp.app; sourceTree = BUILT_PRODUCTS_DIR; };
		C4C0BD1029C0D94100D4829A /* AppDelegate.swift */ = {isa = PBXFileReference; lastKnownFileType = sourcecode.swift; path = AppDelegate.swift; sourceTree = "<group>"; };
		C4C0BD1229C0D94100D4829A /* SceneDelegate.swift */ = {isa = PBXFileReference; lastKnownFileType = sourcecode.swift; path = SceneDelegate.swift; sourceTree = "<group>"; };
		C4C0BD1429C0D94100D4829A /* MainViewController.swift */ = {isa = PBXFileReference; lastKnownFileType = sourcecode.swift; path = MainViewController.swift; sourceTree = "<group>"; };
		C4C0BD1929C0D94200D4829A /* Assets.xcassets */ = {isa = PBXFileReference; lastKnownFileType = folder.assetcatalog; path = Assets.xcassets; sourceTree = "<group>"; };
		C4C0BD1C29C0D94200D4829A /* Base */ = {isa = PBXFileReference; lastKnownFileType = file.storyboard; name = Base; path = Base.lproj/LaunchScreen.storyboard; sourceTree = "<group>"; };
		C4C0BD1E29C0D94200D4829A /* Info.plist */ = {isa = PBXFileReference; lastKnownFileType = text.plist.xml; path = Info.plist; sourceTree = "<group>"; };
		C4C0BD2B29C2116C00D4829A /* CalendarView.swift */ = {isa = PBXFileReference; lastKnownFileType = sourcecode.swift; path = CalendarView.swift; sourceTree = "<group>"; };
		C4C0BD2D29C2358B00D4829A /* WeatherView.swift */ = {isa = PBXFileReference; lastKnownFileType = sourcecode.swift; path = WeatherView.swift; sourceTree = "<group>"; };
		C4C0BD3529CB692E00D4829A /* UIView + Extension.swift */ = {isa = PBXFileReference; lastKnownFileType = sourcecode.swift; path = "UIView + Extension.swift"; sourceTree = "<group>"; };
		C4C0BD3829CB6B6100D4829A /* Roboto-Bold.ttf */ = {isa = PBXFileReference; lastKnownFileType = file; path = "Roboto-Bold.ttf"; sourceTree = "<group>"; };
		C4C0BD3929CB6B6100D4829A /* Roboto-Medium.ttf */ = {isa = PBXFileReference; lastKnownFileType = file; path = "Roboto-Medium.ttf"; sourceTree = "<group>"; };
		C4C0BD3C29CB6EDE00D4829A /* UIColor + Extension.swift */ = {isa = PBXFileReference; fileEncoding = 4; lastKnownFileType = sourcecode.swift; path = "UIColor + Extension.swift"; sourceTree = "<group>"; };
		C4C0BD3D29CB6EDE00D4829A /* UIFont + Extension.swift */ = {isa = PBXFileReference; fileEncoding = 4; lastKnownFileType = sourcecode.swift; path = "UIFont + Extension.swift"; sourceTree = "<group>"; };
		C4C0BD4029CB73CC00D4829A /* CalendarCollectionView.swift */ = {isa = PBXFileReference; lastKnownFileType = sourcecode.swift; path = CalendarCollectionView.swift; sourceTree = "<group>"; };
/* End PBXFileReference section */

/* Begin PBXFrameworksBuildPhase section */
		C4C0BD0A29C0D94100D4829A /* Frameworks */ = {
			isa = PBXFrameworksBuildPhase;
			buildActionMask = 2147483647;
			files = (
				C4122BD22A1D1F3A00B599D0 /* RealmSwift in Frameworks */,
				C4122BD02A1D1F3A00B599D0 /* Realm in Frameworks */,
			);
			runOnlyForDeploymentPostprocessing = 0;
		};
/* End PBXFrameworksBuildPhase section */

/* Begin PBXGroup section */
		C4122BCB2A1BC79400B599D0 /* Model */ = {
			isa = PBXGroup;
			children = (
				C4122BCC2A1BC7AB00B599D0 /* SliderTypes.swift */,
			);
			path = Model;
			sourceTree = "<group>";
		};
		C4122BD32A1D20A100B599D0 /* Model */ = {
			isa = PBXGroup;
			children = (
				C4122BD42A1D20C200B599D0 /* WorkoutModel.swift */,
			);
			path = Model;
			sourceTree = "<group>";
		};
		C4122BD82A1D346700B599D0 /* Service */ = {
			isa = PBXGroup;
			children = (
				C4122BD92A1D349000B599D0 /* RealmManager.swift */,
			);
			path = Service;
			sourceTree = "<group>";
		};
		C44907A72A12AD2000489A80 /* Subview */ = {
			isa = PBXGroup;
			children = (
				C44907A82A12AD3F00489A80 /* SliderView.swift */,
			);
			path = Subview;
			sourceTree = "<group>";
		};
		C49AD86329EC5DED00EE3007 /* StatisticModule */ = {
			isa = PBXGroup;
			children = (
				C49AD86429EC5E1500EE3007 /* Controller */,
				C49AD86529EC5E2100EE3007 /* View */,
			);
			path = StatisticModule;
			sourceTree = "<group>";
		};
		C49AD86429EC5E1500EE3007 /* Controller */ = {
			isa = PBXGroup;
			children = (
				C49AD86629EC5E8100EE3007 /* StatisticViewController.swift */,
			);
			path = Controller;
			sourceTree = "<group>";
		};
		C49AD86529EC5E2100EE3007 /* View */ = {
			isa = PBXGroup;
			children = (
				C49AD86A29ED070400EE3007 /* Cell */,
				C49AD86829ED049900EE3007 /* StatisticTableView.swift */,
			);
			path = View;
			sourceTree = "<group>";
		};
		C49AD86A29ED070400EE3007 /* Cell */ = {
			isa = PBXGroup;
			children = (
				C49AD86B29ED074300EE3007 /* StatisticTableViewCell.swift */,
			);
			path = Cell;
			sourceTree = "<group>";
		};
		C49AD86D2A00BD7300EE3007 /* NavigationModule */ = {
			isa = PBXGroup;
			children = (
				C49AD86E2A00BDA200EE3007 /* MainTabBarController.swift */,
			);
			path = NavigationModule;
			sourceTree = "<group>";
		};
		C49AD8702A00C2F200EE3007 /* NewWorkoutModule */ = {
			isa = PBXGroup;
			children = (
				C4122BCB2A1BC79400B599D0 /* Model */,
				C49AD8712A00C32800EE3007 /* View */,
				C49AD8722A00C33300EE3007 /* Controller */,
			);
			path = NewWorkoutModule;
			sourceTree = "<group>";
		};
		C49AD8712A00C32800EE3007 /* View */ = {
			isa = PBXGroup;
			children = (
				C44907A72A12AD2000489A80 /* Subview */,
				C49AD8752A10A15A00EE3007 /* NameView.swift */,
				C49AD8772A10AC4800EE3007 /* DateAndRepeatView.swift */,
				C49AD8792A10AD9300EE3007 /* RepsOrTimerView.swift */,
			);
			path = View;
			sourceTree = "<group>";
		};
		C49AD8722A00C33300EE3007 /* Controller */ = {
			isa = PBXGroup;
			children = (
				C49AD8732A00C35B00EE3007 /* NewWorkoutViewController.swift */,
			);
			path = Controller;
			sourceTree = "<group>";
		};
		C49AD87B2A1166D700EE3007 /* Unique */ = {
			isa = PBXGroup;
			children = (
				C49AD87C2A11670000EE3007 /* CloseButton.swift */,
				C49AD87E2A11681A00EE3007 /* GreenButton.swift */,
				C49AD8802A1169BC00EE3007 /* BrownTextField.swift */,
				C49AD8822A116AB000EE3007 /* GreenSlider.swift */,
			);
			path = Unique;
			sourceTree = "<group>";
		};
		C4C0B78629E711BC00EBF94E /* Cell */ = {
			isa = PBXGroup;
			children = (
				C4C0B78729E711FF00EBF94E /* CalendarCollectionViewCell.swift */,
				C49AD86129EAB5BC00EE3007 /* WorkoutTableViewCell.swift */,
			);
			path = Cell;
			sourceTree = "<group>";
		};
		C4C0BD0429C0D94100D4829A = {
			isa = PBXGroup;
			children = (
				C4C0BD0F29C0D94100D4829A /* WorkoutApp */,
				C4C0BD0E29C0D94100D4829A /* Products */,
			);
			sourceTree = "<group>";
		};
		C4C0BD0E29C0D94100D4829A /* Products */ = {
			isa = PBXGroup;
			children = (
				C4C0BD0D29C0D94100D4829A /* WorkoutApp.app */,
			);
			name = Products;
			sourceTree = "<group>";
		};
		C4C0BD0F29C0D94100D4829A /* WorkoutApp */ = {
			isa = PBXGroup;
			children = (
				C4C0BD2429C0E01700D4829A /* Application */,
				C49AD86D2A00BD7300EE3007 /* NavigationModule */,
				C4C0BD2529C0E06100D4829A /* MainModule */,
				C49AD8702A00C2F200EE3007 /* NewWorkoutModule */,
				C49AD86329EC5DED00EE3007 /* StatisticModule */,
				C4122BD82A1D346700B599D0 /* Service */,
				C4C0BD2F29CB688A00D4829A /* Extension */,
				C4C0BD2829C0E0DC00D4829A /* SupportingFile */,
			);
			path = WorkoutApp;
			sourceTree = "<group>";
		};
		C4C0BD2429C0E01700D4829A /* Application */ = {
			isa = PBXGroup;
			children = (
				C4C0BD1029C0D94100D4829A /* AppDelegate.swift */,
				C4C0BD1229C0D94100D4829A /* SceneDelegate.swift */,
			);
			path = Application;
			sourceTree = "<group>";
		};
		C4C0BD2529C0E06100D4829A /* MainModule */ = {
			isa = PBXGroup;
			children = (
				C4122BD32A1D20A100B599D0 /* Model */,
				C4C0BD2729C0E0B100D4829A /* View */,
				C4C0BD2629C0E09F00D4829A /* Controller */,
			);
			path = MainModule;
			sourceTree = "<group>";
		};
		C4C0BD2629C0E09F00D4829A /* Controller */ = {
			isa = PBXGroup;
			children = (
				C4C0BD1429C0D94100D4829A /* MainViewController.swift */,
			);
			path = Controller;
			sourceTree = "<group>";
		};
		C4C0BD2729C0E0B100D4829A /* View */ = {
			isa = PBXGroup;
			children = (
				C4C0B78629E711BC00EBF94E /* Cell */,
				C4C0BD2B29C2116C00D4829A /* CalendarView.swift */,
				C4C0BD2D29C2358B00D4829A /* WeatherView.swift */,
				C4C0BD4029CB73CC00D4829A /* CalendarCollectionView.swift */,
				C49AD85D29EA9AE400EE3007 /* MainTableView.swift */,
			);
			path = View;
			sourceTree = "<group>";
		};
		C4C0BD2829C0E0DC00D4829A /* SupportingFile */ = {
			isa = PBXGroup;
			children = (
				C4C0BD3729CB6B0700D4829A /* Font */,
				C4C0BD1929C0D94200D4829A /* Assets.xcassets */,
				C4C0BD1B29C0D94200D4829A /* LaunchScreen.storyboard */,
				C4C0BD1E29C0D94200D4829A /* Info.plist */,
			);
			path = SupportingFile;
			sourceTree = "<group>";
		};
		C4C0BD2F29CB688A00D4829A /* Extension */ = {
			isa = PBXGroup;
			children = (
				C49AD87B2A1166D700EE3007 /* Unique */,
				C4C0BD3029CB68BA00D4829A /* UIKit */,
				C4122BC92A1BC5E200B599D0 /* Int + Extension.swift */,
				C4122BD62A1D309C00B599D0 /* Date + Extension.swift */,
			);
			path = Extension;
			sourceTree = "<group>";
		};
		C4C0BD3029CB68BA00D4829A /* UIKit */ = {
			isa = PBXGroup;
			children = (
				C4C0BD3C29CB6EDE00D4829A /* UIColor + Extension.swift */,
				C4C0BD3D29CB6EDE00D4829A /* UIFont + Extension.swift */,
				C4C0BD3529CB692E00D4829A /* UIView + Extension.swift */,
				C4C0B78929EA924600EBF94E /* UILabel + Extension.swift */,
				C49AD85F29EAB40700EE3007 /* UIStackView + Extension.swift */,
			);
			path = UIKit;
			sourceTree = "<group>";
		};
		C4C0BD3729CB6B0700D4829A /* Font */ = {
			isa = PBXGroup;
			children = (
				C4C0BD3829CB6B6100D4829A /* Roboto-Bold.ttf */,
				C4C0BD3929CB6B6100D4829A /* Roboto-Medium.ttf */,
			);
			path = Font;
			sourceTree = "<group>";
		};
/* End PBXGroup section */

/* Begin PBXNativeTarget section */
		C4C0BD0C29C0D94100D4829A /* WorkoutApp */ = {
			isa = PBXNativeTarget;
			buildConfigurationList = C4C0BD2129C0D94200D4829A /* Build configuration list for PBXNativeTarget "WorkoutApp" */;
			buildPhases = (
				C4C0BD0929C0D94100D4829A /* Sources */,
				C4C0BD0A29C0D94100D4829A /* Frameworks */,
				C4C0BD0B29C0D94100D4829A /* Resources */,
			);
			buildRules = (
			);
			dependencies = (
			);
			name = WorkoutApp;
			packageProductDependencies = (
				C4122BCF2A1D1F3A00B599D0 /* Realm */,
				C4122BD12A1D1F3A00B599D0 /* RealmSwift */,
			);
			productName = WorkoutApp;
			productReference = C4C0BD0D29C0D94100D4829A /* WorkoutApp.app */;
			productType = "com.apple.product-type.application";
		};
/* End PBXNativeTarget section */

/* Begin PBXProject section */
		C4C0BD0529C0D94100D4829A /* Project object */ = {
			isa = PBXProject;
			attributes = {
				BuildIndependentTargetsInParallel = 1;
				LastSwiftUpdateCheck = 1420;
				LastUpgradeCheck = 1420;
				TargetAttributes = {
					C4C0BD0C29C0D94100D4829A = {
						CreatedOnToolsVersion = 14.2;
					};
				};
			};
			buildConfigurationList = C4C0BD0829C0D94100D4829A /* Build configuration list for PBXProject "WorkoutApp" */;
			compatibilityVersion = "Xcode 14.0";
			developmentRegion = en;
			hasScannedForEncodings = 0;
			knownRegions = (
				en,
				Base,
			);
			mainGroup = C4C0BD0429C0D94100D4829A;
			packageReferences = (
				C4122BCE2A1D1F3A00B599D0 /* XCRemoteSwiftPackageReference "realm-swift" */,
			);
			productRefGroup = C4C0BD0E29C0D94100D4829A /* Products */;
			projectDirPath = "";
			projectRoot = "";
			targets = (
				C4C0BD0C29C0D94100D4829A /* WorkoutApp */,
			);
		};
/* End PBXProject section */

/* Begin PBXResourcesBuildPhase section */
		C4C0BD0B29C0D94100D4829A /* Resources */ = {
			isa = PBXResourcesBuildPhase;
			buildActionMask = 2147483647;
			files = (
				C4C0BD3B29CB6B6100D4829A /* Roboto-Medium.ttf in Resources */,
				C4C0BD1D29C0D94200D4829A /* LaunchScreen.storyboard in Resources */,
				C4C0BD1A29C0D94200D4829A /* Assets.xcassets in Resources */,
				C4C0BD3A29CB6B6100D4829A /* Roboto-Bold.ttf in Resources */,
			);
			runOnlyForDeploymentPostprocessing = 0;
		};
/* End PBXResourcesBuildPhase section */

/* Begin PBXSourcesBuildPhase section */
		C4C0BD0929C0D94100D4829A /* Sources */ = {
			isa = PBXSourcesBuildPhase;
			buildActionMask = 2147483647;
			files = (
				C49AD8782A10AC4800EE3007 /* DateAndRepeatView.swift in Sources */,
				C4122BD52A1D20C200B599D0 /* WorkoutModel.swift in Sources */,
				C49AD87F2A11681A00EE3007 /* GreenButton.swift in Sources */,
				C4C0BD2E29C2358B00D4829A /* WeatherView.swift in Sources */,
				C4C0BD1529C0D94100D4829A /* MainViewController.swift in Sources */,
				C49AD87A2A10AD9300EE3007 /* RepsOrTimerView.swift in Sources */,
				C49AD86F2A00BDA200EE3007 /* MainTabBarController.swift in Sources */,
				C49AD86029EAB40700EE3007 /* UIStackView + Extension.swift in Sources */,
				C49AD86729EC5E8100EE3007 /* StatisticViewController.swift in Sources */,
				C49AD8742A00C35B00EE3007 /* NewWorkoutViewController.swift in Sources */,
				C4C0BD1129C0D94100D4829A /* AppDelegate.swift in Sources */,
				C4C0BD3E29CB6EDE00D4829A /* UIColor + Extension.swift in Sources */,
				C4122BCA2A1BC5E200B599D0 /* Int + Extension.swift in Sources */,
				C49AD86229EAB5BC00EE3007 /* WorkoutTableViewCell.swift in Sources */,
				C49AD87D2A11670000EE3007 /* CloseButton.swift in Sources */,
				C4C0B78829E711FF00EBF94E /* CalendarCollectionViewCell.swift in Sources */,
				C4C0BD4129CB73CC00D4829A /* CalendarCollectionView.swift in Sources */,
				C49AD85E29EA9AE400EE3007 /* MainTableView.swift in Sources */,
				C4C0B78A29EA924600EBF94E /* UILabel + Extension.swift in Sources */,
				C4C0BD3F29CB6EDE00D4829A /* UIFont + Extension.swift in Sources */,
				C4C0BD3629CB692E00D4829A /* UIView + Extension.swift in Sources */,
				C4C0BD2C29C2116C00D4829A /* CalendarView.swift in Sources */,
				C49AD86C29ED074300EE3007 /* StatisticTableViewCell.swift in Sources */,
				C44907A92A12AD3F00489A80 /* SliderView.swift in Sources */,
				C49AD8762A10A15A00EE3007 /* NameView.swift in Sources */,
				C4122BDA2A1D349000B599D0 /* RealmManager.swift in Sources */,
				C49AD8832A116AB000EE3007 /* GreenSlider.swift in Sources */,
				C4122BCD2A1BC7AB00B599D0 /* SliderTypes.swift in Sources */,
				C49AD86929ED049900EE3007 /* StatisticTableView.swift in Sources */,
				C49AD8812A1169BC00EE3007 /* BrownTextField.swift in Sources */,
				C4122BD72A1D309C00B599D0 /* Date + Extension.swift in Sources */,
				C4C0BD1329C0D94100D4829A /* SceneDelegate.swift in Sources */,
			);
			runOnlyForDeploymentPostprocessing = 0;
		};
/* End PBXSourcesBuildPhase section */

/* Begin PBXVariantGroup section */
		C4C0BD1B29C0D94200D4829A /* LaunchScreen.storyboard */ = {
			isa = PBXVariantGroup;
			children = (
				C4C0BD1C29C0D94200D4829A /* Base */,
			);
			name = LaunchScreen.storyboard;
			sourceTree = "<group>";
		};
/* End PBXVariantGroup section */

/* Begin XCBuildConfiguration section */
		C4C0BD1F29C0D94200D4829A /* Debug */ = {
			isa = XCBuildConfiguration;
			buildSettings = {
				ALWAYS_SEARCH_USER_PATHS = NO;
				CLANG_ANALYZER_NONNULL = YES;
				CLANG_ANALYZER_NUMBER_OBJECT_CONVERSION = YES_AGGRESSIVE;
				CLANG_CXX_LANGUAGE_STANDARD = "gnu++20";
				CLANG_ENABLE_MODULES = YES;
				CLANG_ENABLE_OBJC_ARC = YES;
				CLANG_ENABLE_OBJC_WEAK = YES;
				CLANG_WARN_BLOCK_CAPTURE_AUTORELEASING = YES;
				CLANG_WARN_BOOL_CONVERSION = YES;
				CLANG_WARN_COMMA = YES;
				CLANG_WARN_CONSTANT_CONVERSION = YES;
				CLANG_WARN_DEPRECATED_OBJC_IMPLEMENTATIONS = YES;
				CLANG_WARN_DIRECT_OBJC_ISA_USAGE = YES_ERROR;
				CLANG_WARN_DOCUMENTATION_COMMENTS = YES;
				CLANG_WARN_EMPTY_BODY = YES;
				CLANG_WARN_ENUM_CONVERSION = YES;
				CLANG_WARN_INFINITE_RECURSION = YES;
				CLANG_WARN_INT_CONVERSION = YES;
				CLANG_WARN_NON_LITERAL_NULL_CONVERSION = YES;
				CLANG_WARN_OBJC_IMPLICIT_RETAIN_SELF = YES;
				CLANG_WARN_OBJC_LITERAL_CONVERSION = YES;
				CLANG_WARN_OBJC_ROOT_CLASS = YES_ERROR;
				CLANG_WARN_QUOTED_INCLUDE_IN_FRAMEWORK_HEADER = YES;
				CLANG_WARN_RANGE_LOOP_ANALYSIS = YES;
				CLANG_WARN_STRICT_PROTOTYPES = YES;
				CLANG_WARN_SUSPICIOUS_MOVE = YES;
				CLANG_WARN_UNGUARDED_AVAILABILITY = YES_AGGRESSIVE;
				CLANG_WARN_UNREACHABLE_CODE = YES;
				CLANG_WARN__DUPLICATE_METHOD_MATCH = YES;
				COPY_PHASE_STRIP = NO;
				DEBUG_INFORMATION_FORMAT = dwarf;
				ENABLE_STRICT_OBJC_MSGSEND = YES;
				ENABLE_TESTABILITY = YES;
				GCC_C_LANGUAGE_STANDARD = gnu11;
				GCC_DYNAMIC_NO_PIC = NO;
				GCC_NO_COMMON_BLOCKS = YES;
				GCC_OPTIMIZATION_LEVEL = 0;
				GCC_PREPROCESSOR_DEFINITIONS = (
					"DEBUG=1",
					"$(inherited)",
				);
				GCC_WARN_64_TO_32_BIT_CONVERSION = YES;
				GCC_WARN_ABOUT_RETURN_TYPE = YES_ERROR;
				GCC_WARN_UNDECLARED_SELECTOR = YES;
				GCC_WARN_UNINITIALIZED_AUTOS = YES_AGGRESSIVE;
				GCC_WARN_UNUSED_FUNCTION = YES;
				GCC_WARN_UNUSED_VARIABLE = YES;
				IPHONEOS_DEPLOYMENT_TARGET = 16.2;
				MTL_ENABLE_DEBUG_INFO = INCLUDE_SOURCE;
				MTL_FAST_MATH = YES;
				ONLY_ACTIVE_ARCH = YES;
				SDKROOT = iphoneos;
				SWIFT_ACTIVE_COMPILATION_CONDITIONS = DEBUG;
				SWIFT_OPTIMIZATION_LEVEL = "-Onone";
			};
			name = Debug;
		};
		C4C0BD2029C0D94200D4829A /* Release */ = {
			isa = XCBuildConfiguration;
			buildSettings = {
				ALWAYS_SEARCH_USER_PATHS = NO;
				CLANG_ANALYZER_NONNULL = YES;
				CLANG_ANALYZER_NUMBER_OBJECT_CONVERSION = YES_AGGRESSIVE;
				CLANG_CXX_LANGUAGE_STANDARD = "gnu++20";
				CLANG_ENABLE_MODULES = YES;
				CLANG_ENABLE_OBJC_ARC = YES;
				CLANG_ENABLE_OBJC_WEAK = YES;
				CLANG_WARN_BLOCK_CAPTURE_AUTORELEASING = YES;
				CLANG_WARN_BOOL_CONVERSION = YES;
				CLANG_WARN_COMMA = YES;
				CLANG_WARN_CONSTANT_CONVERSION = YES;
				CLANG_WARN_DEPRECATED_OBJC_IMPLEMENTATIONS = YES;
				CLANG_WARN_DIRECT_OBJC_ISA_USAGE = YES_ERROR;
				CLANG_WARN_DOCUMENTATION_COMMENTS = YES;
				CLANG_WARN_EMPTY_BODY = YES;
				CLANG_WARN_ENUM_CONVERSION = YES;
				CLANG_WARN_INFINITE_RECURSION = YES;
				CLANG_WARN_INT_CONVERSION = YES;
				CLANG_WARN_NON_LITERAL_NULL_CONVERSION = YES;
				CLANG_WARN_OBJC_IMPLICIT_RETAIN_SELF = YES;
				CLANG_WARN_OBJC_LITERAL_CONVERSION = YES;
				CLANG_WARN_OBJC_ROOT_CLASS = YES_ERROR;
				CLANG_WARN_QUOTED_INCLUDE_IN_FRAMEWORK_HEADER = YES;
				CLANG_WARN_RANGE_LOOP_ANALYSIS = YES;
				CLANG_WARN_STRICT_PROTOTYPES = YES;
				CLANG_WARN_SUSPICIOUS_MOVE = YES;
				CLANG_WARN_UNGUARDED_AVAILABILITY = YES_AGGRESSIVE;
				CLANG_WARN_UNREACHABLE_CODE = YES;
				CLANG_WARN__DUPLICATE_METHOD_MATCH = YES;
				COPY_PHASE_STRIP = NO;
				DEBUG_INFORMATION_FORMAT = "dwarf-with-dsym";
				ENABLE_NS_ASSERTIONS = NO;
				ENABLE_STRICT_OBJC_MSGSEND = YES;
				GCC_C_LANGUAGE_STANDARD = gnu11;
				GCC_NO_COMMON_BLOCKS = YES;
				GCC_WARN_64_TO_32_BIT_CONVERSION = YES;
				GCC_WARN_ABOUT_RETURN_TYPE = YES_ERROR;
				GCC_WARN_UNDECLARED_SELECTOR = YES;
				GCC_WARN_UNINITIALIZED_AUTOS = YES_AGGRESSIVE;
				GCC_WARN_UNUSED_FUNCTION = YES;
				GCC_WARN_UNUSED_VARIABLE = YES;
				IPHONEOS_DEPLOYMENT_TARGET = 16.2;
				MTL_ENABLE_DEBUG_INFO = NO;
				MTL_FAST_MATH = YES;
				SDKROOT = iphoneos;
				SWIFT_COMPILATION_MODE = wholemodule;
				SWIFT_OPTIMIZATION_LEVEL = "-O";
				VALIDATE_PRODUCT = YES;
			};
			name = Release;
		};
		C4C0BD2229C0D94200D4829A /* Debug */ = {
			isa = XCBuildConfiguration;
			buildSettings = {
				ASSETCATALOG_COMPILER_APPICON_NAME = AppIcon;
				ASSETCATALOG_COMPILER_GLOBAL_ACCENT_COLOR_NAME = AccentColor;
				CODE_SIGN_STYLE = Automatic;
				CURRENT_PROJECT_VERSION = 1;
				DEVELOPMENT_TEAM = F8B7Q96243;
				GENERATE_INFOPLIST_FILE = YES;
				INFOPLIST_FILE = WorkoutApp/SupportingFile/Info.plist;
				INFOPLIST_KEY_LSApplicationCategoryType = "public.app-category.healthcare-fitness";
				INFOPLIST_KEY_UIApplicationSupportsIndirectInputEvents = YES;
				INFOPLIST_KEY_UILaunchStoryboardName = LaunchScreen;
				INFOPLIST_KEY_UISupportedInterfaceOrientations = UIInterfaceOrientationPortrait;
				INFOPLIST_KEY_UISupportedInterfaceOrientations_iPad = "UIInterfaceOrientationLandscapeLeft UIInterfaceOrientationLandscapeRight UIInterfaceOrientationPortrait UIInterfaceOrientationPortraitUpsideDown";
				IPHONEOS_DEPLOYMENT_TARGET = 13.0;
				LD_RUNPATH_SEARCH_PATHS = (
					"$(inherited)",
					"@executable_path/Frameworks",
				);
				MARKETING_VERSION = 1.0;
				PRODUCT_BUNDLE_IDENTIFIER = "Dmitriy-Starozhilov.WorkoutApp";
				PRODUCT_NAME = "$(TARGET_NAME)";
				SUPPORTED_PLATFORMS = "iphoneos iphonesimulator";
				SUPPORTS_MACCATALYST = NO;
				SUPPORTS_MAC_DESIGNED_FOR_IPHONE_IPAD = NO;
				SWIFT_EMIT_LOC_STRINGS = YES;
				SWIFT_VERSION = 5.0;
				TARGETED_DEVICE_FAMILY = 1;
			};
			name = Debug;
		};
		C4C0BD2329C0D94200D4829A /* Release */ = {
			isa = XCBuildConfiguration;
			buildSettings = {
				ASSETCATALOG_COMPILER_APPICON_NAME = AppIcon;
				ASSETCATALOG_COMPILER_GLOBAL_ACCENT_COLOR_NAME = AccentColor;
				CODE_SIGN_STYLE = Automatic;
				CURRENT_PROJECT_VERSION = 1;
				DEVELOPMENT_TEAM = F8B7Q96243;
				GENERATE_INFOPLIST_FILE = YES;
				INFOPLIST_FILE = WorkoutApp/SupportingFile/Info.plist;
				INFOPLIST_KEY_LSApplicationCategoryType = "public.app-category.healthcare-fitness";
				INFOPLIST_KEY_UIApplicationSupportsIndirectInputEvents = YES;
				INFOPLIST_KEY_UILaunchStoryboardName = LaunchScreen;
				INFOPLIST_KEY_UISupportedInterfaceOrientations = UIInterfaceOrientationPortrait;
				INFOPLIST_KEY_UISupportedInterfaceOrientations_iPad = "UIInterfaceOrientationLandscapeLeft UIInterfaceOrientationLandscapeRight UIInterfaceOrientationPortrait UIInterfaceOrientationPortraitUpsideDown";
				IPHONEOS_DEPLOYMENT_TARGET = 13.0;
				LD_RUNPATH_SEARCH_PATHS = (
					"$(inherited)",
					"@executable_path/Frameworks",
				);
				MARKETING_VERSION = 1.0;
				PRODUCT_BUNDLE_IDENTIFIER = "Dmitriy-Starozhilov.WorkoutApp";
				PRODUCT_NAME = "$(TARGET_NAME)";
				SUPPORTED_PLATFORMS = "iphoneos iphonesimulator";
				SUPPORTS_MACCATALYST = NO;
				SUPPORTS_MAC_DESIGNED_FOR_IPHONE_IPAD = NO;
				SWIFT_EMIT_LOC_STRINGS = YES;
				SWIFT_VERSION = 5.0;
				TARGETED_DEVICE_FAMILY = 1;
			};
			name = Release;
		};
/* End XCBuildConfiguration section */

/* Begin XCConfigurationList section */
		C4C0BD0829C0D94100D4829A /* Build configuration list for PBXProject "WorkoutApp" */ = {
			isa = XCConfigurationList;
			buildConfigurations = (
				C4C0BD1F29C0D94200D4829A /* Debug */,
				C4C0BD2029C0D94200D4829A /* Release */,
			);
			defaultConfigurationIsVisible = 0;
			defaultConfigurationName = Release;
		};
		C4C0BD2129C0D94200D4829A /* Build configuration list for PBXNativeTarget "WorkoutApp" */ = {
			isa = XCConfigurationList;
			buildConfigurations = (
				C4C0BD2229C0D94200D4829A /* Debug */,
				C4C0BD2329C0D94200D4829A /* Release */,
			);
			defaultConfigurationIsVisible = 0;
			defaultConfigurationName = Release;
		};
/* End XCConfigurationList section */

/* Begin XCRemoteSwiftPackageReference section */
		C4122BCE2A1D1F3A00B599D0 /* XCRemoteSwiftPackageReference "realm-swift" */ = {
			isa = XCRemoteSwiftPackageReference;
			repositoryURL = "https://github.com/realm/realm-swift";
			requirement = {
				branch = master;
				kind = branch;
			};
		};
/* End XCRemoteSwiftPackageReference section */

/* Begin XCSwiftPackageProductDependency section */
		C4122BCF2A1D1F3A00B599D0 /* Realm */ = {
			isa = XCSwiftPackageProductDependency;
			package = C4122BCE2A1D1F3A00B599D0 /* XCRemoteSwiftPackageReference "realm-swift" */;
			productName = Realm;
		};
		C4122BD12A1D1F3A00B599D0 /* RealmSwift */ = {
			isa = XCSwiftPackageProductDependency;
			package = C4122BCE2A1D1F3A00B599D0 /* XCRemoteSwiftPackageReference "realm-swift" */;
			productName = RealmSwift;
		};
/* End XCSwiftPackageProductDependency section */
	};
	rootObject = C4C0BD0529C0D94100D4829A /* Project object */;
}
